
Microsoft Visual Studio Solution File, Format Version 12.00
# Visual Studio 15
VisualStudioVersion = 15.0.27130.2027
MinimumVisualStudioVersion = 10.0.40219.1
Project("{8BC9CEB8-8B4A-11D0-8D11-00A0C91BC942}") = "addfilter", "AddFilter\addfilter.vcxproj", "{95C071C0-CBCC-4943-BB7D-90E2EDD17043}"
EndProject
Project("{8BC9CEB8-8B4A-11D0-8D11-00A0C91BC942}") = "DiskTrace", "DiskTrace\DiskTrace.vcxproj", "{421E34C2-879D-4AC9-9B81-AFDB10E8AE22}"
EndProject
Project("{8BC9CEB8-8B4A-11D0-8D11-00A0C91BC942}") = "StorTrace", "StorTrace\StorTrace.vcxproj", "{EA7F1BA4-908E-4AB1-8C13-AA0CE8F0D326}"
EndProject
Global
	GlobalSection(SolutionConfigurationPlatforms) = preSolution
		Debug|ARM = Debug|ARM
		Debug|ARM64 = Debug|ARM64
		Debug|x64 = Debug|x64
		Debug|x86 = Debug|x86
		Release|ARM = Release|ARM
		Release|ARM64 = Release|ARM64
		Release|x64 = Release|x64
		Release|x86 = Release|x86
	EndGlobalSection
	GlobalSection(ProjectConfigurationPlatforms) = postSolution
		{95C071C0-CBCC-4943-BB7D-90E2EDD17043}.Debug|ARM.ActiveCfg = Debug|Win32
		{95C071C0-CBCC-4943-BB7D-90E2EDD17043}.Debug|ARM64.ActiveCfg = Debug|Win32
		{95C071C0-CBCC-4943-BB7D-90E2EDD17043}.Debug|x64.ActiveCfg = Debug|x64
		{95C071C0-CBCC-4943-BB7D-90E2EDD17043}.Debug|x64.Build.0 = Debug|x64
		{95C071C0-CBCC-4943-BB7D-90E2EDD17043}.Debug|x86.ActiveCfg = Debug|Win32
		{95C071C0-CBCC-4943-BB7D-90E2EDD17043}.Debug|x86.Build.0 = Debug|Win32
		{95C071C0-CBCC-4943-BB7D-90E2EDD17043}.Release|ARM.ActiveCfg = Release|Win32
		{95C071C0-CBCC-4943-BB7D-90E2EDD17043}.Release|ARM64.ActiveCfg = Release|Win32
		{95C071C0-CBCC-4943-BB7D-90E2EDD17043}.Release|x64.ActiveCfg = Release|x64
		{95C071C0-CBCC-4943-BB7D-90E2EDD17043}.Release|x64.Build.0 = Release|x64
		{95C071C0-CBCC-4943-BB7D-90E2EDD17043}.Release|x86.ActiveCfg = Release|Win32
		{95C071C0-CBCC-4943-BB7D-90E2EDD17043}.Release|x86.Build.0 = Release|Win32
		{421E34C2-879D-4AC9-9B81-AFDB10E8AE22}.Debug|ARM.ActiveCfg = Debug|ARM
		{421E34C2-879D-4AC9-9B81-AFDB10E8AE22}.Debug|ARM.Build.0 = Debug|ARM
		{421E34C2-879D-4AC9-9B81-AFDB10E8AE22}.Debug|ARM.Deploy.0 = Debug|ARM
		{421E34C2-879D-4AC9-9B81-AFDB10E8AE22}.Debug|ARM64.ActiveCfg = Debug|ARM64
		{421E34C2-879D-4AC9-9B81-AFDB10E8AE22}.Debug|ARM64.Build.0 = Debug|ARM64
		{421E34C2-879D-4AC9-9B81-AFDB10E8AE22}.Debug|ARM64.Deploy.0 = Debug|ARM64
		{421E34C2-879D-4AC9-9B81-AFDB10E8AE22}.Debug|x64.ActiveCfg = Debug|x64
		{421E34C2-879D-4AC9-9B81-AFDB10E8AE22}.Debug|x64.Build.0 = Debug|x64
		{421E34C2-879D-4AC9-9B81-AFDB10E8AE22}.Debug|x64.Deploy.0 = Debug|x64
		{421E34C2-879D-4AC9-9B81-AFDB10E8AE22}.Debug|x86.ActiveCfg = Debug|Win32
		{421E34C2-879D-4AC9-9B81-AFDB10E8AE22}.Debug|x86.Build.0 = Debug|Win32
		{421E34C2-879D-4AC9-9B81-AFDB10E8AE22}.Debug|x86.Deploy.0 = Debug|Win32
		{421E34C2-879D-4AC9-9B81-AFDB10E8AE22}.Release|ARM.ActiveCfg = Release|ARM
		{421E34C2-879D-4AC9-9B81-AFDB10E8AE22}.Release|ARM.Build.0 = Release|ARM
		{421E34C2-879D-4AC9-9B81-AFDB10E8AE22}.Release|ARM.Deploy.0 = Release|ARM
		{421E34C2-879D-4AC9-9B81-AFDB10E8AE22}.Release|ARM64.ActiveCfg = Release|ARM64
		{421E34C2-879D-4AC9-9B81-AFDB10E8AE22}.Release|ARM64.Build.0 = Release|ARM64
		{421E34C2-879D-4AC9-9B81-AFDB10E8AE22}.Release|ARM64.Deploy.0 = Release|ARM64
		{421E34C2-879D-4AC9-9B81-AFDB10E8AE22}.Release|x64.ActiveCfg = Release|x64
		{421E34C2-879D-4AC9-9B81-AFDB10E8AE22}.Release|x64.Build.0 = Release|x64
		{421E34C2-879D-4AC9-9B81-AFDB10E8AE22}.Release|x64.Deploy.0 = Release|x64
		{421E34C2-879D-4AC9-9B81-AFDB10E8AE22}.Release|x86.ActiveCfg = Release|Win32
		{421E34C2-879D-4AC9-9B81-AFDB10E8AE22}.Release|x86.Build.0 = Release|Win32
		{421E34C2-879D-4AC9-9B81-AFDB10E8AE22}.Release|x86.Deploy.0 = Release|Win32
		{EA7F1BA4-908E-4AB1-8C13-AA0CE8F0D326}.Debug|ARM.ActiveCfg = Debug|ARM
		{EA7F1BA4-908E-4AB1-8C13-AA0CE8F0D326}.Debug|ARM.Build.0 = Debug|ARM
		{EA7F1BA4-908E-4AB1-8C13-AA0CE8F0D326}.Debug|ARM.Deploy.0 = Debug|ARM
		{EA7F1BA4-908E-4AB1-8C13-AA0CE8F0D326}.Debug|ARM64.ActiveCfg = Debug|ARM64
		{EA7F1BA4-908E-4AB1-8C13-AA0CE8F0D326}.Debug|ARM64.Build.0 = Debug|ARM64
		{EA7F1BA4-908E-4AB1-8C13-AA0CE8F0D326}.Debug|ARM64.Deploy.0 = Debug|ARM64
		{EA7F1BA4-908E-4AB1-8C13-AA0CE8F0D326}.Debug|x64.ActiveCfg = Debug|x64
		{EA7F1BA4-908E-4AB1-8C13-AA0CE8F0D326}.Debug|x64.Build.0 = Debug|x64
		{EA7F1BA4-908E-4AB1-8C13-AA0CE8F0D326}.Debug|x64.Deploy.0 = Debug|x64
		{EA7F1BA4-908E-4AB1-8C13-AA0CE8F0D326}.Debug|x86.ActiveCfg = Debug|Win32
		{EA7F1BA4-908E-4AB1-8C13-AA0CE8F0D326}.Debug|x86.Build.0 = Debug|Win32
		{EA7F1BA4-908E-4AB1-8C13-AA0CE8F0D326}.Debug|x86.Deploy.0 = Debug|Win32
		{EA7F1BA4-908E-4AB1-8C13-AA0CE8F0D326}.Release|ARM.ActiveCfg = Release|ARM
		{EA7F1BA4-908E-4AB1-8C13-AA0CE8F0D326}.Release|ARM.Build.0 = Release|ARM
		{EA7F1BA4-908E-4AB1-8C13-AA0CE8F0D326}.Release|ARM.Deploy.0 = Release|ARM
		{EA7F1BA4-908E-4AB1-8C13-AA0CE8F0D326}.Release|ARM64.ActiveCfg = Release|ARM64
		{EA7F1BA4-908E-4AB1-8C13-AA0CE8F0D326}.Release|ARM64.Build.0 = Release|ARM64
		{EA7F1BA4-908E-4AB1-8C13-AA0CE8F0D326}.Release|ARM64.Deploy.0 = Release|ARM64
		{EA7F1BA4-908E-4AB1-8C13-AA0CE8F0D326}.Release|x64.ActiveCfg = Release|x64
		{EA7F1BA4-908E-4AB1-8C13-AA0CE8F0D326}.Release|x64.Build.0 = Release|x64
		{EA7F1BA4-908E-4AB1-8C13-AA0CE8F0D326}.Release|x64.Deploy.0 = Release|x64
		{EA7F1BA4-908E-4AB1-8C13-AA0CE8F0D326}.Release|x86.ActiveCfg = Release|Win32
		{EA7F1BA4-908E-4AB1-8C13-AA0CE8F0D326}.Release|x86.Build.0 = Release|Win32
		{EA7F1BA4-908E-4AB1-8C13-AA0CE8F0D326}.Release|x86.Deploy.0 = Release|Win32
	EndGlobalSection
	GlobalSection(SolutionProperties) = preSolution
		HideSolutionNode = FALSE
	EndGlobalSection
	GlobalSection(ExtensibilityGlobals) = postSolution
		SolutionGuid = {3AA5CAA7-2868-4F8F-ADFF-F1651273ABC5}
	EndGlobalSection
EndGlobal
